
Microsoft Visual Studio Solution File, Format Version 12.00
# Visual Studio 15
VisualStudioVersion = 15.0.28307.329
MinimumVisualStudioVersion = 10.0.40219.1
Project("{9A19103F-16F7-4668-BE54-9A1E7A4F7556}") = "DojoDDD.Api", "src\DojoDDD.Api\DojoDDD.Api.csproj", "{DCDDFC2F-A55A-40B1-9E1F-86BD4F08CACD}"
EndProject
Project("{2150E333-8FDC-42A3-9474-1A3956D46DE8}") = "Solution Items", "Solution Items", "{39CF43C0-6791-43B4-8D78-4EB551AFB977}"
	ProjectSection(SolutionItems) = preProject
		.gitattributes = .gitattributes
		.gitignore = .gitignore
	EndProjectSection
EndProject
Project("{9A19103F-16F7-4668-BE54-9A1E7A4F7556}") = "DojoDDD.Domain", "src\DojoDDD.Domain\DojoDDD.Domain.csproj", "{2A4B56D1-8FD6-4AD6-83F5-94E4378539CD}"
EndProject
Project("{FAE04EC0-301F-11D3-BF4B-00C04F79EFBC}") = "DojoDDD.Service", "src\DojoDDD.Service\DojoDDD.Service.csproj", "{3B9841A8-7992-4B20-B28A-878D5D160B2B}"
EndProject
Project("{FAE04EC0-301F-11D3-BF4B-00C04F79EFBC}") = "DojoDDD.Infra.Repository", "src\DojoDDD.Infra.Repository\DojoDDD.Infra.Repository.csproj", "{7E33B9CB-3C8D-4C5E-A908-22A029B02D12}"
EndProject
Project("{FAE04EC0-301F-11D3-BF4B-00C04F79EFBC}") = "DojoDDD.Common", "src\DojoDDD.Common\DojoDDD.Common.csproj", "{E79E2D7C-FB80-4694-9FEA-2F856941A348}"
EndProject
Global
	GlobalSection(SolutionConfigurationPlatforms) = preSolution
		Debug|Any CPU = Debug|Any CPU
		Release|Any CPU = Release|Any CPU
	EndGlobalSection
	GlobalSection(ProjectConfigurationPlatforms) = postSolution
		{DCDDFC2F-A55A-40B1-9E1F-86BD4F08CACD}.Debug|Any CPU.ActiveCfg = Debug|Any CPU
		{DCDDFC2F-A55A-40B1-9E1F-86BD4F08CACD}.Debug|Any CPU.Build.0 = Debug|Any CPU
		{DCDDFC2F-A55A-40B1-9E1F-86BD4F08CACD}.Release|Any CPU.ActiveCfg = Release|Any CPU
		{DCDDFC2F-A55A-40B1-9E1F-86BD4F08CACD}.Release|Any CPU.Build.0 = Release|Any CPU
		{2A4B56D1-8FD6-4AD6-83F5-94E4378539CD}.Debug|Any CPU.ActiveCfg = Debug|Any CPU
		{2A4B56D1-8FD6-4AD6-83F5-94E4378539CD}.Debug|Any CPU.Build.0 = Debug|Any CPU
		{2A4B56D1-8FD6-4AD6-83F5-94E4378539CD}.Release|Any CPU.ActiveCfg = Release|Any CPU
		{2A4B56D1-8FD6-4AD6-83F5-94E4378539CD}.Release|Any CPU.Build.0 = Release|Any CPU
		{3B9841A8-7992-4B20-B28A-878D5D160B2B}.Debug|Any CPU.ActiveCfg = Debug|Any CPU
		{3B9841A8-7992-4B20-B28A-878D5D160B2B}.Debug|Any CPU.Build.0 = Debug|Any CPU
		{3B9841A8-7992-4B20-B28A-878D5D160B2B}.Release|Any CPU.ActiveCfg = Release|Any CPU
		{3B9841A8-7992-4B20-B28A-878D5D160B2B}.Release|Any CPU.Build.0 = Release|Any CPU
		{7E33B9CB-3C8D-4C5E-A908-22A029B02D12}.Debug|Any CPU.ActiveCfg = Debug|Any CPU
		{7E33B9CB-3C8D-4C5E-A908-22A029B02D12}.Debug|Any CPU.Build.0 = Debug|Any CPU
		{7E33B9CB-3C8D-4C5E-A908-22A029B02D12}.Release|Any CPU.ActiveCfg = Release|Any CPU
		{7E33B9CB-3C8D-4C5E-A908-22A029B02D12}.Release|Any CPU.Build.0 = Release|Any CPU
		{E79E2D7C-FB80-4694-9FEA-2F856941A348}.Debug|Any CPU.ActiveCfg = Debug|Any CPU
		{E79E2D7C-FB80-4694-9FEA-2F856941A348}.Debug|Any CPU.Build.0 = Debug|Any CPU
		{E79E2D7C-FB80-4694-9FEA-2F856941A348}.Release|Any CPU.ActiveCfg = Release|Any CPU
		{E79E2D7C-FB80-4694-9FEA-2F856941A348}.Release|Any CPU.Build.0 = Release|Any CPU
	EndGlobalSection
	GlobalSection(SolutionProperties) = preSolution
		HideSolutionNode = FALSE
	EndGlobalSection
	GlobalSection(ExtensibilityGlobals) = postSolution
		SolutionGuid = {DB980C48-43EA-4E1B-90DD-096A92959D81}
	EndGlobalSection
EndGlobal
